
Microsoft Visual Studio Solution File, Format Version 12.00
# Visual Studio Version 17
VisualStudioVersion = 17.10.35013.160
MinimumVisualStudioVersion = 10.0.40219.1
Project("{FAE04EC0-301F-11D3-BF4B-00C04F79EFBC}") = "CustomDewCollectorSize", "CustomDewCollectorSize\CustomDewCollectorSize.csproj", "{82E254F1-4BEA-41A2-9BC7-DA93F11948D2}"
EndProject
Global
	GlobalSection(SolutionConfigurationPlatforms) = preSolution
		Debug|Any CPU = Debug|Any CPU
		Release|Any CPU = Release|Any CPU
	EndGlobalSection
	GlobalSection(ProjectConfigurationPlatforms) = postSolution
		{82E254F1-4BEA-41A2-9BC7-DA93F11948D2}.Debug|Any CPU.ActiveCfg = Debug|Any CPU
		{82E254F1-4BEA-41A2-9BC7-DA93F11948D2}.Debug|Any CPU.Build.0 = Debug|Any CPU
		{82E254F1-4BEA-41A2-9BC7-DA93F11948D2}.Release|Any CPU.ActiveCfg = Release|Any CPU
		{82E254F1-4BEA-41A2-9BC7-DA93F11948D2}.Release|Any CPU.Build.0 = Release|Any CPU
	EndGlobalSection
	GlobalSection(SolutionProperties) = preSolution
		HideSolutionNode = FALSE
	EndGlobalSection
	GlobalSection(ExtensibilityGlobals) = postSolution
		SolutionGuid = {C2789934-9249-4FE1-8537-A1EB9734E24C}
	EndGlobalSection
EndGlobal
